
Microsoft Visual Studio Solution File, Format Version 12.00
# Visual Studio Version 17
VisualStudioVersion = 17.11.35312.102
MinimumVisualStudioVersion = 10.0.40219.1
Project("{FAE04EC0-301F-11D3-BF4B-00C04F79EFBC}") = "CatalogService", "CatalogService.csproj", "{567A0628-D4FF-4B0C-927E-DFC687CF71CB}"
EndProject
Project("{FAE04EC0-301F-11D3-BF4B-00C04F79EFBC}") = "CatalogService.Tests", "..\CatalogService.Tests\CatalogService.Tests.csproj", "{AA3A2651-A147-45FC-A17C-59F215DB1152}"
EndProject
Global
	GlobalSection(SolutionConfigurationPlatforms) = preSolution
		Debug|Any CPU = Debug|Any CPU
		Release|Any CPU = Release|Any CPU
	EndGlobalSection
	GlobalSection(ProjectConfigurationPlatforms) = postSolution
		{567A0628-D4FF-4B0C-927E-DFC687CF71CB}.Debug|Any CPU.ActiveCfg = Debug|Any CPU
		{567A0628-D4FF-4B0C-927E-DFC687CF71CB}.Debug|Any CPU.Build.0 = Debug|Any CPU
		{567A0628-D4FF-4B0C-927E-DFC687CF71CB}.Release|Any CPU.ActiveCfg = Release|Any CPU
		{567A0628-D4FF-4B0C-927E-DFC687CF71CB}.Release|Any CPU.Build.0 = Release|Any CPU
		{AA3A2651-A147-45FC-A17C-59F215DB1152}.Debug|Any CPU.ActiveCfg = Debug|Any CPU
		{AA3A2651-A147-45FC-A17C-59F215DB1152}.Debug|Any CPU.Build.0 = Debug|Any CPU
		{AA3A2651-A147-45FC-A17C-59F215DB1152}.Release|Any CPU.ActiveCfg = Release|Any CPU
		{AA3A2651-A147-45FC-A17C-59F215DB1152}.Release|Any CPU.Build.0 = Release|Any CPU
	EndGlobalSection
	GlobalSection(SolutionProperties) = preSolution
		HideSolutionNode = FALSE
	EndGlobalSection
	GlobalSection(ExtensibilityGlobals) = postSolution
		SolutionGuid = {3AA97392-7A89-4A65-952D-72648FEAB31C}
	EndGlobalSection
EndGlobal
